
Microsoft Visual Studio Solution File, Format Version 12.00
# Visual Studio Version 17
VisualStudioVersion = 17.11.35303.130
MinimumVisualStudioVersion = 10.0.40219.1
Project("{FAE04EC0-301F-11D3-BF4B-00C04F79EFBC}") = "B_232410101005_utspbo", "B_232410101005_utspbo\B_232410101005_utspbo.csproj", "{80C17F63-DCF5-4135-A681-6E211FDAD227}"
EndProject
Global
	GlobalSection(SolutionConfigurationPlatforms) = preSolution
		Debug|Any CPU = Debug|Any CPU
		Release|Any CPU = Release|Any CPU
	EndGlobalSection
	GlobalSection(ProjectConfigurationPlatforms) = postSolution
		{80C17F63-DCF5-4135-A681-6E211FDAD227}.Debug|Any CPU.ActiveCfg = Debug|Any CPU
		{80C17F63-DCF5-4135-A681-6E211FDAD227}.Debug|Any CPU.Build.0 = Debug|Any CPU
		{80C17F63-DCF5-4135-A681-6E211FDAD227}.Release|Any CPU.ActiveCfg = Release|Any CPU
		{80C17F63-DCF5-4135-A681-6E211FDAD227}.Release|Any CPU.Build.0 = Release|Any CPU
	EndGlobalSection
	GlobalSection(SolutionProperties) = preSolution
		HideSolutionNode = FALSE
	EndGlobalSection
	GlobalSection(ExtensibilityGlobals) = postSolution
		SolutionGuid = {706C55B8-D77B-4600-B088-3CE056D1E16B}
	EndGlobalSection
EndGlobal
